
Microsoft Visual Studio Solution File, Format Version 12.00
Project("{FAE04EC0-301F-11D3-BF4B-00C04F79EFBC}") = "Resulver.AspNetCore.FastEndpoints", "Resulver.AspNetCore.FastEndpoints\Resulver.AspNetCore.FastEndpoints.csproj", "{96B66DED-6768-4190-A0E1-B096D898F8F2}"
EndProject
Project("{2150E333-8FDC-42A3-9474-1A3956D46DE8}") = "Solution Items", "Solution Items", "{C7A359B3-5CED-4568-A455-2D8070793827}"
	ProjectSection(SolutionItems) = preProject
		.github\workflows\main.yml = .github\workflows\main.yml
	EndProjectSection
EndProject
Global
	GlobalSection(SolutionConfigurationPlatforms) = preSolution
		Debug|Any CPU = Debug|Any CPU
		Release|Any CPU = Release|Any CPU
	EndGlobalSection
	GlobalSection(ProjectConfigurationPlatforms) = postSolution
		{96B66DED-6768-4190-A0E1-B096D898F8F2}.Debug|Any CPU.ActiveCfg = Debug|Any CPU
		{96B66DED-6768-4190-A0E1-B096D898F8F2}.Debug|Any CPU.Build.0 = Debug|Any CPU
		{96B66DED-6768-4190-A0E1-B096D898F8F2}.Release|Any CPU.ActiveCfg = Release|Any CPU
		{96B66DED-6768-4190-A0E1-B096D898F8F2}.Release|Any CPU.Build.0 = Release|Any CPU
	EndGlobalSection
EndGlobal
